dependencies:
  espressif/esp-zboss-lib:
    component_hash: 11a05772e4eef80824c4400b773ead2777be2b038c4b7b13ab4985bd13ee623d
    source:
      service_url: https://api.components.espressif.com/
      type: service
    version: 1.2.3
  espressif/esp-zigbee-lib:
    component_hash: b0c59518e72be7980f93580879d052f5b0fc8f20797ec1f111630435d320806e
    source:
      service_url: https://api.components.espressif.com/
      type: service
    version: 1.2.3
  idf:
    component_hash: null
    source:
      type: idf
    version: 5.2.1
manifest_hash: e37070faf79558904480c0be75bcb52209aa6a6111d157e648add51a9c41333d
target: esp32c6
version: 1.0.0
